// !$*UTF8*$!
{
	archiveVersion = 1;
	classes = {
	};
	objectVersion = 46;
	objects = {

/* Begin PBXBuildFile section */
		283598591EA36D6000D87160 /* EC 30-39.txt in Resources */ = {isa = PBXBuildFile; fileRef = 283598251EA36D6000D87160 /* EC 30-39.txt */; };
		2835985A1EA36D6000D87160 /* EC 40-49.txt in Resources */ = {isa = PBXBuildFile; fileRef = 283598261EA36D6000D87160 /* EC 40-49.txt */; };
		2835985B1EA36D6000D87160 /* EC 50-59.txt in Resources */ = {isa = PBXBuildFile; fileRef = 283598271EA36D6000D87160 /* EC 50-59.txt */; };
		2835985C1EA36D6000D87160 /* EC 60-69.txt in Resources */ = {isa = PBXBuildFile; fileRef = 283598281EA36D6000D87160 /* EC 60-69.txt */; };
		2835985D1EA36D6000D87160 /* ESL POD 160-179.txt in Resources */ = {isa = PBXBuildFile; fileRef = 283598291EA36D6000D87160 /* ESL POD 160-179.txt */; };
		2835985E1EA36D6000D87160 /* Friends.txt in Resources */ = {isa = PBXBuildFile; fileRef = 2835982A1EA36D6000D87160 /* Friends.txt */; };
		2835985F1EA36D6000D87160 /* Games of thrones.txt in Resources */ = {isa = PBXBuildFile; fileRef = 2835982B1EA36D6000D87160 /* Games of thrones.txt */; };
		283598611EA36D6000D87160 /* Scurbs s02e21.txt in Resources */ = {isa = PBXBuildFile; fileRef = 2835982D1EA36D6000D87160 /* Scurbs s02e21.txt */; };
		283598621EA36D6000D87160 /* Grammar.txt in Resources */ = {isa = PBXBuildFile; fileRef = 2835982F1EA36D6000D87160 /* Grammar.txt */; };
		283598631EA36D6000D87160 /* Phrasal Verbs.txt in Resources */ = {isa = PBXBuildFile; fileRef = 283598301EA36D6000D87160 /* Phrasal Verbs.txt */; };
		283598651EA36D6000D87160 /* Misc01.txt in Resources */ = {isa = PBXBuildFile; fileRef = 283598331EA36D6000D87160 /* Misc01.txt */; };
		283598661EA36D6000D87160 /* Misc02.txt in Resources */ = {isa = PBXBuildFile; fileRef = 283598341EA36D6000D87160 /* Misc02.txt */; };
		283598671EA36D6000D87160 /* Misc03.txt in Resources */ = {isa = PBXBuildFile; fileRef = 283598351EA36D6000D87160 /* Misc03.txt */; };
		283598681EA36D6000D87160 /* Misc04.txt in Resources */ = {isa = PBXBuildFile; fileRef = 283598361EA36D6000D87160 /* Misc04.txt */; };
		283598691EA36D6000D87160 /* Misc05.txt in Resources */ = {isa = PBXBuildFile; fileRef = 283598371EA36D6000D87160 /* Misc05.txt */; };
		2835986A1EA36D6000D87160 /* Misc06.txt in Resources */ = {isa = PBXBuildFile; fileRef = 283598381EA36D6000D87160 /* Misc06.txt */; };
		2835986B1EA36D6000D87160 /* Misc07.txt in Resources */ = {isa = PBXBuildFile; fileRef = 283598391EA36D6000D87160 /* Misc07.txt */; };
		2835986C1EA36D6000D87160 /* Misc08.txt in Resources */ = {isa = PBXBuildFile; fileRef = 2835983A1EA36D6000D87160 /* Misc08.txt */; };
		2835986D1EA36D6000D87160 /* Misc09.txt in Resources */ = {isa = PBXBuildFile; fileRef = 2835983B1EA36D6000D87160 /* Misc09.txt */; };
		2835986E1EA36D6000D87160 /* Misc10.txt in Resources */ = {isa = PBXBuildFile; fileRef = 2835983C1EA36D6000D87160 /* Misc10.txt */; };
		2835986F1EA36D6000D87160 /* Misc11.txt in Resources */ = {isa = PBXBuildFile; fileRef = 2835983D1EA36D6000D87160 /* Misc11.txt */; };
		283598701EA36D6000D87160 /* Misc12.txt in Resources */ = {isa = PBXBuildFile; fileRef = 2835983E1EA36D6000D87160 /* Misc12.txt */; };
		283598711EA36D6000D87160 /* Misc13.txt in Resources */ = {isa = PBXBuildFile; fileRef = 2835983F1EA36D6000D87160 /* Misc13.txt */; };
		283598721EA36D6000D87160 /* Misc14.txt in Resources */ = {isa = PBXBuildFile; fileRef = 283598401EA36D6000D87160 /* Misc14.txt */; };
		283598731EA36D6000D87160 /* Misc15.txt in Resources */ = {isa = PBXBuildFile; fileRef = 283598411EA36D6000D87160 /* Misc15.txt */; };
		283598741EA36D6000D87160 /* Misc16.txt in Resources */ = {isa = PBXBuildFile; fileRef = 283598421EA36D6000D87160 /* Misc16.txt */; };
		283598751EA36D6000D87160 /* Misc17.txt in Resources */ = {isa = PBXBuildFile; fileRef = 283598431EA36D6000D87160 /* Misc17.txt */; };
		283598761EA36D6000D87160 /* Misc18.txt in Resources */ = {isa = PBXBuildFile; fileRef = 283598441EA36D6000D87160 /* Misc18.txt */; };
		283598771EA36D6000D87160 /* Misc19.txt in Resources */ = {isa = PBXBuildFile; fileRef = 283598451EA36D6000D87160 /* Misc19.txt */; };
		283598781EA36D6000D87160 /* Misc20.txt in Resources */ = {isa = PBXBuildFile; fileRef = 283598461EA36D6000D87160 /* Misc20.txt */; };
		283598791EA36D6000D87160 /* REC01. Blaze at charity bonfire.txt in Resources */ = {isa = PBXBuildFile; fileRef = 283598481EA36D6000D87160 /* REC01. Blaze at charity bonfire.txt */; };
		2835987A1EA36D6000D87160 /* REC02. Linguistic gaps.txt in Resources */ = {isa = PBXBuildFile; fileRef = 283598491EA36D6000D87160 /* REC02. Linguistic gaps.txt */; };
		2835987B1EA36D6000D87160 /* REC03. News bulletin.txt in Resources */ = {isa = PBXBuildFile; fileRef = 2835984A1EA36D6000D87160 /* REC03. News bulletin.txt */; };
		2835987C1EA36D6000D87160 /* _AdjAntonyms.txt in Resources */ = {isa = PBXBuildFile; fileRef = 2835984C1EA36D6000D87160 /* _AdjAntonyms.txt */; };
		2835987D1EA36D6000D87160 /* Animals.txt in Resources */ = {isa = PBXBuildFile; fileRef = 2835984D1EA36D6000D87160 /* Animals.txt */; };
		2835987E1EA36D6000D87160 /* Climate.txt in Resources */ = {isa = PBXBuildFile; fileRef = 2835984E1EA36D6000D87160 /* Climate.txt */; };
		2835987F1EA36D6000D87160 /* _Coloquial phrases.txt in Resources */ = {isa = PBXBuildFile; fileRef = 2835984F1EA36D6000D87160 /* _Coloquial phrases.txt */; };
		283598801EA36D6000D87160 /* Crime.txt in Resources */ = {isa = PBXBuildFile; fileRef = 283598501EA36D6000D87160 /* Crime.txt */; };
		283598811EA36D6000D87160 /* Flights.txt in Resources */ = {isa = PBXBuildFile; fileRef = 283598511EA36D6000D87160 /* Flights.txt */; };
		283598821EA36D6000D87160 /* Food.txt in Resources */ = {isa = PBXBuildFile; fileRef = 283598521EA36D6000D87160 /* Food.txt */; };
		283598831EA36D6000D87160 /* House.txt in Resources */ = {isa = PBXBuildFile; fileRef = 283598531EA36D6000D87160 /* House.txt */; };
		283598861EA36D6000D87160 /* Medicine.txt in Resources */ = {isa = PBXBuildFile; fileRef = 283598561EA36D6000D87160 /* Medicine.txt */; };
		283598871EA36D6000D87160 /* Money.txt in Resources */ = {isa = PBXBuildFile; fileRef = 283598571EA36D6000D87160 /* Money.txt */; };
		283598881EA36D6000D87160 /* Person.txt in Resources */ = {isa = PBXBuildFile; fileRef = 283598581EA36D6000D87160 /* Person.txt */; };
		283598961EA4E48800D87160 /* CardCell.swift in Sources */ = {isa = PBXBuildFile; fileRef = 2835988C1EA4E48800D87160 /* CardCell.swift */; };
		283598971EA4E48800D87160 /* CardsTV.swift in Sources */ = {isa = PBXBuildFile; fileRef = 2835988D1EA4E48800D87160 /* CardsTV.swift */; };
		283598981EA4E48800D87160 /* ListTV.swift in Sources */ = {isa = PBXBuildFile; fileRef = 2835988F1EA4E48800D87160 /* ListTV.swift */; };
		283598991EA4E48800D87160 /* ListTVDataSources.swift in Sources */ = {isa = PBXBuildFile; fileRef = 283598901EA4E48800D87160 /* ListTVDataSources.swift */; };
		2835989A1EA4E48800D87160 /* Card.swift in Sources */ = {isa = PBXBuildFile; fileRef = 283598921EA4E48800D87160 /* Card.swift */; };
		2835989B1EA4E48800D87160 /* CardFileParser.swift in Sources */ = {isa = PBXBuildFile; fileRef = 283598931EA4E48800D87160 /* CardFileParser.swift */; };
		2835989C1EA4E48800D87160 /* Deck.swift in Sources */ = {isa = PBXBuildFile; fileRef = 283598941EA4E48800D87160 /* Deck.swift */; };
		2835989D1EA4E48800D87160 /* GroupsStorage.swift in Sources */ = {isa = PBXBuildFile; fileRef = 283598951EA4E48800D87160 /* GroupsStorage.swift */; };
		2835989F1EA51F8D00D87160 /* Harry Potter 1.txt in Resources */ = {isa = PBXBuildFile; fileRef = 2835989E1EA51F8D00D87160 /* Harry Potter 1.txt */; };
		284CA21A1EE8969800B6D551 /* Misc22.txt in Resources */ = {isa = PBXBuildFile; fileRef = 284CA2191EE8969800B6D551 /* Misc22.txt */; };
		284CA21C1EE8974200B6D551 /* Scrubs s02e07.txt in Resources */ = {isa = PBXBuildFile; fileRef = 284CA21B1EE8974200B6D551 /* Scrubs s02e07.txt */; };
		284CA21F1EE923DC00B6D551 /* Politics 1.txt in Resources */ = {isa = PBXBuildFile; fileRef = 284CA21D1EE923DC00B6D551 /* Politics 1.txt */; };
		284CA2201EE923DC00B6D551 /* Politics 2.txt in Resources */ = {isa = PBXBuildFile; fileRef = 284CA21E1EE923DC00B6D551 /* Politics 2.txt */; };
		284CA2221EE926EF00B6D551 /* Misc23.txt in Resources */ = {isa = PBXBuildFile; fileRef = 284CA2211EE926EF00B6D551 /* Misc23.txt */; };
		286236E31EB0754C00386FE8 /* Misc21.txt in Resources */ = {isa = PBXBuildFile; fileRef = 286236E21EB0754C00386FE8 /* Misc21.txt */; };
		286B65221FE6FB9400D671B7 /* GET.txt in Resources */ = {isa = PBXBuildFile; fileRef = 286B65211FE6FB9400D671B7 /* GET.txt */; };
		287354A51FC9911000AB8B28 /* Misc24.txt in Resources */ = {isa = PBXBuildFile; fileRef = 287354A31FC9911000AB8B28 /* Misc24.txt */; };
		287354A61FC9911000AB8B28 /* Misc25.txt in Resources */ = {isa = PBXBuildFile; fileRef = 287354A41FC9911000AB8B28 /* Misc25.txt */; };
		287558711F31A78A004DA4D6 /* Work 1.txt in Resources */ = {isa = PBXBuildFile; fileRef = 2875586F1F31A78A004DA4D6 /* Work 1.txt */; };
		287558721F31A78A004DA4D6 /* Work 2.txt in Resources */ = {isa = PBXBuildFile; fileRef = 287558701F31A78A004DA4D6 /* Work 2.txt */; };
		288374E51EACE4F9002BC25E /* Harry Potter 2.txt in Resources */ = {isa = PBXBuildFile; fileRef = 288374E31EACE4F9002BC25E /* Harry Potter 2.txt */; };
		288374E61EACE4F9002BC25E /* Harry Potter 3.txt in Resources */ = {isa = PBXBuildFile; fileRef = 288374E41EACE4F9002BC25E /* Harry Potter 3.txt */; };
		288374EF1EAD351F002BC25E /* Gerund and Infinitive.txt in Resources */ = {isa = PBXBuildFile; fileRef = 288374E71EAD351F002BC25E /* Gerund and Infinitive.txt */; };
		288374F01EAD351F002BC25E /* Prepositions 1.txt in Resources */ = {isa = PBXBuildFile; fileRef = 288374E81EAD351F002BC25E /* Prepositions 1.txt */; };
		288374F11EAD351F002BC25E /* Prepositions 2.txt in Resources */ = {isa = PBXBuildFile; fileRef = 288374E91EAD351F002BC25E /* Prepositions 2.txt */; };
		288374F21EAD351F002BC25E /* Prepositions 3.txt in Resources */ = {isa = PBXBuildFile; fileRef = 288374EA1EAD351F002BC25E /* Prepositions 3.txt */; };
		288374F31EAD351F002BC25E /* Prepositions 4.txt in Resources */ = {isa = PBXBuildFile; fileRef = 288374EB1EAD351F002BC25E /* Prepositions 4.txt */; };
		288374F41EAD351F002BC25E /* Prepositions 5.txt in Resources */ = {isa = PBXBuildFile; fileRef = 288374EC1EAD351F002BC25E /* Prepositions 5.txt */; };
		288374F51EAD351F002BC25E /* Prepositions 6.txt in Resources */ = {isa = PBXBuildFile; fileRef = 288374ED1EAD351F002BC25E /* Prepositions 6.txt */; };
		288374F61EAD351F002BC25E /* Prepositions 7.txt in Resources */ = {isa = PBXBuildFile; fileRef = 288374EE1EAD351F002BC25E /* Prepositions 7.txt */; };
		28B77F38200A8B7700874732 /* AppInteractor.swift in Sources */ = {isa = PBXBuildFile; fileRef = 28B77F37200A8B7700874732 /* AppInteractor.swift */; };
		28B77F3A200AA95A00874732 /* AppScreenFactory.swift in Sources */ = {isa = PBXBuildFile; fileRef = 28B77F39200AA95A00874732 /* AppScreenFactory.swift */; };
		28B77F3C200AAFFE00874732 /* ListInteractor.swift in Sources */ = {isa = PBXBuildFile; fileRef = 28B77F3B200AAFFE00874732 /* ListInteractor.swift */; };
		28B77F3E200AB70500874732 /* CardTVDataSource.swift in Sources */ = {isa = PBXBuildFile; fileRef = 28B77F3D200AB70500874732 /* CardTVDataSource.swift */; };
		28DC6DEC1EB5E09500F00EC6 /* _Idioms 1.txt in Resources */ = {isa = PBXBuildFile; fileRef = 28DC6DE91EB5E09500F00EC6 /* _Idioms 1.txt */; };
		28DC6DED1EB5E09500F00EC6 /* _Idioms 2.txt in Resources */ = {isa = PBXBuildFile; fileRef = 28DC6DEA1EB5E09500F00EC6 /* _Idioms 2.txt */; };
		28DC6DEE1EB5E09500F00EC6 /* _Idioms 3.txt in Resources */ = {isa = PBXBuildFile; fileRef = 28DC6DEB1EB5E09500F00EC6 /* _Idioms 3.txt */; };
		C42E6EF51C53D7CE00FEC598 /* AppDelegate.swift in Sources */ = {isa = PBXBuildFile; fileRef = C42E6EF41C53D7CE00FEC598 /* AppDelegate.swift */; };
		C42E6EFA1C53D7CE00FEC598 /* Main.storyboard in Resources */ = {isa = PBXBuildFile; fileRef = C42E6EF81C53D7CE00FEC598 /* Main.storyboard */; };
		C42E6EFC1C53D7CE00FEC598 /* Assets.xcassets in Resources */ = {isa = PBXBuildFile; fileRef = C42E6EFB1C53D7CE00FEC598 /* Assets.xcassets */; };
		C42E6EFF1C53D7CE00FEC598 /* LaunchScreen.storyboard in Resources */ = {isa = PBXBuildFile; fileRef = C42E6EFD1C53D7CE00FEC598 /* LaunchScreen.storyboard */; };
		C4DB8C601C55546700EA14B6 /* bg-light.jpg in Resources */ = {isa = PBXBuildFile; fileRef = C4DB8C5F1C55546700EA14B6 /* bg-light.jpg */; };
/* End PBXBuildFile section */

/* Begin PBXFileReference section */
		283598251EA36D6000D87160 /* EC 30-39.txt */ = {isa = PBXFileReference; fileEncoding = 4; lastKnownFileType = text; path = "EC 30-39.txt"; sourceTree = "<group>"; };
		283598261EA36D6000D87160 /* EC 40-49.txt */ = {isa = PBXFileReference; fileEncoding = 4; lastKnownFileType = text; path = "EC 40-49.txt"; sourceTree = "<group>"; };
		283598271EA36D6000D87160 /* EC 50-59.txt */ = {isa = PBXFileReference; fileEncoding = 4; lastKnownFileType = text; path = "EC 50-59.txt"; sourceTree = "<group>"; };
		283598281EA36D6000D87160 /* EC 60-69.txt */ = {isa = PBXFileReference; fileEncoding = 4; lastKnownFileType = text; path = "EC 60-69.txt"; sourceTree = "<group>"; };
		283598291EA36D6000D87160 /* ESL POD 160-179.txt */ = {isa = PBXFileReference; fileEncoding = 4; lastKnownFileType = text; path = "ESL POD 160-179.txt"; sourceTree = "<group>"; };
		2835982A1EA36D6000D87160 /* Friends.txt */ = {isa = PBXFileReference; fileEncoding = 4; lastKnownFileType = text; path = Friends.txt; sourceTree = "<group>"; };
		2835982B1EA36D6000D87160 /* Games of thrones.txt */ = {isa = PBXFileReference; fileEncoding = 4; lastKnownFileType = text; path = "Games of thrones.txt"; sourceTree = "<group>"; };
		2835982D1EA36D6000D87160 /* Scurbs s02e21.txt */ = {isa = PBXFileReference; fileEncoding = 4; lastKnownFileType = text; path = "Scurbs s02e21.txt"; sourceTree = "<group>"; };
		2835982F1EA36D6000D87160 /* Grammar.txt */ = {isa = PBXFileReference; fileEncoding = 4; lastKnownFileType = text; path = Grammar.txt; sourceTree = "<group>"; };
		283598301EA36D6000D87160 /* Phrasal Verbs.txt */ = {isa = PBXFileReference; fileEncoding = 4; lastKnownFileType = text; path = "Phrasal Verbs.txt"; sourceTree = "<group>"; };
		283598331EA36D6000D87160 /* Misc01.txt */ = {isa = PBXFileReference; fileEncoding = 4; lastKnownFileType = text; path = Misc01.txt; sourceTree = "<group>"; };
		283598341EA36D6000D87160 /* Misc02.txt */ = {isa = PBXFileReference; fileEncoding = 4; lastKnownFileType = text; path = Misc02.txt; sourceTree = "<group>"; };
		283598351EA36D6000D87160 /* Misc03.txt */ = {isa = PBXFileReference; fileEncoding = 4; lastKnownFileType = text; path = Misc03.txt; sourceTree = "<group>"; };
		283598361EA36D6000D87160 /* Misc04.txt */ = {isa = PBXFileReference; fileEncoding = 4; lastKnownFileType = text; path = Misc04.txt; sourceTree = "<group>"; };
		283598371EA36D6000D87160 /* Misc05.txt */ = {isa = PBXFileReference; fileEncoding = 4; lastKnownFileType = text; path = Misc05.txt; sourceTree = "<group>"; };
		283598381EA36D6000D87160 /* Misc06.txt */ = {isa = PBXFileReference; fileEncoding = 4; lastKnownFileType = text; path = Misc06.txt; sourceTree = "<group>"; };
		283598391EA36D6000D87160 /* Misc07.txt */ = {isa = PBXFileReference; fileEncoding = 4; lastKnownFileType = text; path = Misc07.txt; sourceTree = "<group>"; };
		2835983A1EA36D6000D87160 /* Misc08.txt */ = {isa = PBXFileReference; fileEncoding = 4; lastKnownFileType = text; path = Misc08.txt; sourceTree = "<group>"; };
		2835983B1EA36D6000D87160 /* Misc09.txt */ = {isa = PBXFileReference; fileEncoding = 4; lastKnownFileType = text; path = Misc09.txt; sourceTree = "<group>"; };
		2835983C1EA36D6000D87160 /* Misc10.txt */ = {isa = PBXFileReference; fileEncoding = 4; lastKnownFileType = text; path = Misc10.txt; sourceTree = "<group>"; };
		2835983D1EA36D6000D87160 /* Misc11.txt */ = {isa = PBXFileReference; fileEncoding = 4; lastKnownFileType = text; path = Misc11.txt; sourceTree = "<group>"; };
		2835983E1EA36D6000D87160 /* Misc12.txt */ = {isa = PBXFileReference; fileEncoding = 4; lastKnownFileType = text; path = Misc12.txt; sourceTree = "<group>"; };
		2835983F1EA36D6000D87160 /* Misc13.txt */ = {isa = PBXFileReference; fileEncoding = 4; lastKnownFileType = text; path = Misc13.txt; sourceTree = "<group>"; };
		283598401EA36D6000D87160 /* Misc14.txt */ = {isa = PBXFileReference; fileEncoding = 4; lastKnownFileType = text; path = Misc14.txt; sourceTree = "<group>"; };
		283598411EA36D6000D87160 /* Misc15.txt */ = {isa = PBXFileReference; fileEncoding = 4; lastKnownFileType = text; path = Misc15.txt; sourceTree = "<group>"; };
		283598421EA36D6000D87160 /* Misc16.txt */ = {isa = PBXFileReference; fileEncoding = 4; lastKnownFileType = text; path = Misc16.txt; sourceTree = "<group>"; };
		283598431EA36D6000D87160 /* Misc17.txt */ = {isa = PBXFileReference; fileEncoding = 4; lastKnownFileType = text; path = Misc17.txt; sourceTree = "<group>"; };
		283598441EA36D6000D87160 /* Misc18.txt */ = {isa = PBXFileReference; fileEncoding = 4; lastKnownFileType = text; path = Misc18.txt; sourceTree = "<group>"; };
		283598451EA36D6000D87160 /* Misc19.txt */ = {isa = PBXFileReference; fileEncoding = 4; lastKnownFileType = text; path = Misc19.txt; sourceTree = "<group>"; };
		283598461EA36D6000D87160 /* Misc20.txt */ = {isa = PBXFileReference; fileEncoding = 4; lastKnownFileType = text; path = Misc20.txt; sourceTree = "<group>"; };
		283598481EA36D6000D87160 /* REC01. Blaze at charity bonfire.txt */ = {isa = PBXFileReference; fileEncoding = 4; lastKnownFileType = text; path = "REC01. Blaze at charity bonfire.txt"; sourceTree = "<group>"; };
		283598491EA36D6000D87160 /* REC02. Linguistic gaps.txt */ = {isa = PBXFileReference; fileEncoding = 4; lastKnownFileType = text; path = "REC02. Linguistic gaps.txt"; sourceTree = "<group>"; };
		2835984A1EA36D6000D87160 /* REC03. News bulletin.txt */ = {isa = PBXFileReference; fileEncoding = 4; lastKnownFileType = text; path = "REC03. News bulletin.txt"; sourceTree = "<group>"; };
		2835984C1EA36D6000D87160 /* _AdjAntonyms.txt */ = {isa = PBXFileReference; fileEncoding = 4; lastKnownFileType = text; path = _AdjAntonyms.txt; sourceTree = "<group>"; };
		2835984D1EA36D6000D87160 /* Animals.txt */ = {isa = PBXFileReference; fileEncoding = 4; lastKnownFileType = text; path = Animals.txt; sourceTree = "<group>"; };
		2835984E1EA36D6000D87160 /* Climate.txt */ = {isa = PBXFileReference; fileEncoding = 4; lastKnownFileType = text; path = Climate.txt; sourceTree = "<group>"; };
		2835984F1EA36D6000D87160 /* _Coloquial phrases.txt */ = {isa = PBXFileReference; fileEncoding = 4; lastKnownFileType = text; path = "_Coloquial phrases.txt"; sourceTree = "<group>"; };
		283598501EA36D6000D87160 /* Crime.txt */ = {isa = PBXFileReference; fileEncoding = 4; lastKnownFileType = text; path = Crime.txt; sourceTree = "<group>"; };
		283598511EA36D6000D87160 /* Flights.txt */ = {isa = PBXFileReference; fileEncoding = 4; lastKnownFileType = text; path = Flights.txt; sourceTree = "<group>"; };
		283598521EA36D6000D87160 /* Food.txt */ = {isa = PBXFileReference; fileEncoding = 4; lastKnownFileType = text; path = Food.txt; sourceTree = "<group>"; };
		283598531EA36D6000D87160 /* House.txt */ = {isa = PBXFileReference; fileEncoding = 4; lastKnownFileType = text; path = House.txt; sourceTree = "<group>"; };
		283598561EA36D6000D87160 /* Medicine.txt */ = {isa = PBXFileReference; fileEncoding = 4; lastKnownFileType = text; path = Medicine.txt; sourceTree = "<group>"; };
		283598571EA36D6000D87160 /* Money.txt */ = {isa = PBXFileReference; fileEncoding = 4; lastKnownFileType = text; path = Money.txt; sourceTree = "<group>"; };
		283598581EA36D6000D87160 /* Person.txt */ = {isa = PBXFileReference; fileEncoding = 4; lastKnownFileType = text; path = Person.txt; sourceTree = "<group>"; };
		2835988C1EA4E48800D87160 /* CardCell.swift */ = {isa = PBXFileReference; fileEncoding = 4; lastKnownFileType = sourcecode.swift; path = CardCell.swift; sourceTree = "<group>"; };
		2835988D1EA4E48800D87160 /* CardsTV.swift */ = {isa = PBXFileReference; fileEncoding = 4; lastKnownFileType = sourcecode.swift; path = CardsTV.swift; sourceTree = "<group>"; };
		2835988F1EA4E48800D87160 /* ListTV.swift */ = {isa = PBXFileReference; fileEncoding = 4; lastKnownFileType = sourcecode.swift; path = ListTV.swift; sourceTree = "<group>"; };
		283598901EA4E48800D87160 /* ListTVDataSources.swift */ = {isa = PBXFileReference; fileEncoding = 4; lastKnownFileType = sourcecode.swift; path = ListTVDataSources.swift; sourceTree = "<group>"; };
		283598921EA4E48800D87160 /* Card.swift */ = {isa = PBXFileReference; fileEncoding = 4; lastKnownFileType = sourcecode.swift; path = Card.swift; sourceTree = "<group>"; };
		283598931EA4E48800D87160 /* CardFileParser.swift */ = {isa = PBXFileReference; fileEncoding = 4; lastKnownFileType = sourcecode.swift; path = CardFileParser.swift; sourceTree = "<group>"; };
		283598941EA4E48800D87160 /* Deck.swift */ = {isa = PBXFileReference; fileEncoding = 4; lastKnownFileType = sourcecode.swift; path = Deck.swift; sourceTree = "<group>"; };
		283598951EA4E48800D87160 /* GroupsStorage.swift */ = {isa = PBXFileReference; fileEncoding = 4; lastKnownFileType = sourcecode.swift; path = GroupsStorage.swift; sourceTree = "<group>"; };
		2835989E1EA51F8D00D87160 /* Harry Potter 1.txt */ = {isa = PBXFileReference; fileEncoding = 4; lastKnownFileType = text; path = "Harry Potter 1.txt"; sourceTree = "<group>"; };
		284CA2191EE8969800B6D551 /* Misc22.txt */ = {isa = PBXFileReference; fileEncoding = 4; lastKnownFileType = text; path = Misc22.txt; sourceTree = "<group>"; };
		284CA21B1EE8974200B6D551 /* Scrubs s02e07.txt */ = {isa = PBXFileReference; fileEncoding = 4; lastKnownFileType = text; path = "Scrubs s02e07.txt"; sourceTree = "<group>"; };
		284CA21D1EE923DC00B6D551 /* Politics 1.txt */ = {isa = PBXFileReference; fileEncoding = 4; lastKnownFileType = text; path = "Politics 1.txt"; sourceTree = "<group>"; };
		284CA21E1EE923DC00B6D551 /* Politics 2.txt */ = {isa = PBXFileReference; fileEncoding = 4; lastKnownFileType = text; path = "Politics 2.txt"; sourceTree = "<group>"; };
		284CA2211EE926EF00B6D551 /* Misc23.txt */ = {isa = PBXFileReference; fileEncoding = 4; lastKnownFileType = text; path = Misc23.txt; sourceTree = "<group>"; };
		286236E21EB0754C00386FE8 /* Misc21.txt */ = {isa = PBXFileReference; fileEncoding = 4; lastKnownFileType = text; path = Misc21.txt; sourceTree = "<group>"; };
		286B65211FE6FB9400D671B7 /* GET.txt */ = {isa = PBXFileReference; fileEncoding = 4; lastKnownFileType = text; path = GET.txt; sourceTree = "<group>"; };
		287354A31FC9911000AB8B28 /* Misc24.txt */ = {isa = PBXFileReference; fileEncoding = 4; lastKnownFileType = text; path = Misc24.txt; sourceTree = "<group>"; };
		287354A41FC9911000AB8B28 /* Misc25.txt */ = {isa = PBXFileReference; fileEncoding = 4; lastKnownFileType = text; path = Misc25.txt; sourceTree = "<group>"; };
		2875586F1F31A78A004DA4D6 /* Work 1.txt */ = {isa = PBXFileReference; fileEncoding = 4; lastKnownFileType = text; path = "Work 1.txt"; sourceTree = "<group>"; };
		287558701F31A78A004DA4D6 /* Work 2.txt */ = {isa = PBXFileReference; fileEncoding = 4; lastKnownFileType = text; path = "Work 2.txt"; sourceTree = "<group>"; };
		288374E31EACE4F9002BC25E /* Harry Potter 2.txt */ = {isa = PBXFileReference; fileEncoding = 4; lastKnownFileType = text; path = "Harry Potter 2.txt"; sourceTree = "<group>"; };
		288374E41EACE4F9002BC25E /* Harry Potter 3.txt */ = {isa = PBXFileReference; fileEncoding = 4; lastKnownFileType = text; path = "Harry Potter 3.txt"; sourceTree = "<group>"; };
		288374E71EAD351F002BC25E /* Gerund and Infinitive.txt */ = {isa = PBXFileReference; fileEncoding = 4; lastKnownFileType = text; path = "Gerund and Infinitive.txt"; sourceTree = "<group>"; };
		288374E81EAD351F002BC25E /* Prepositions 1.txt */ = {isa = PBXFileReference; fileEncoding = 4; lastKnownFileType = text; path = "Prepositions 1.txt"; sourceTree = "<group>"; };
		288374E91EAD351F002BC25E /* Prepositions 2.txt */ = {isa = PBXFileReference; fileEncoding = 4; lastKnownFileType = text; path = "Prepositions 2.txt"; sourceTree = "<group>"; };
		288374EA1EAD351F002BC25E /* Prepositions 3.txt */ = {isa = PBXFileReference; fileEncoding = 4; lastKnownFileType = text; path = "Prepositions 3.txt"; sourceTree = "<group>"; };
		288374EB1EAD351F002BC25E /* Prepositions 4.txt */ = {isa = PBXFileReference; fileEncoding = 4; lastKnownFileType = text; path = "Prepositions 4.txt"; sourceTree = "<group>"; };
		288374EC1EAD351F002BC25E /* Prepositions 5.txt */ = {isa = PBXFileReference; fileEncoding = 4; lastKnownFileType = text; path = "Prepositions 5.txt"; sourceTree = "<group>"; };
		288374ED1EAD351F002BC25E /* Prepositions 6.txt */ = {isa = PBXFileReference; fileEncoding = 4; lastKnownFileType = text; path = "Prepositions 6.txt"; sourceTree = "<group>"; };
		288374EE1EAD351F002BC25E /* Prepositions 7.txt */ = {isa = PBXFileReference; fileEncoding = 4; lastKnownFileType = text; path = "Prepositions 7.txt"; sourceTree = "<group>"; };
		28B77F37200A8B7700874732 /* AppInteractor.swift */ = {isa = PBXFileReference; lastKnownFileType = sourcecode.swift; path = AppInteractor.swift; sourceTree = "<group>"; };
		28B77F39200AA95A00874732 /* AppScreenFactory.swift */ = {isa = PBXFileReference; lastKnownFileType = sourcecode.swift; path = AppScreenFactory.swift; sourceTree = "<group>"; };
		28B77F3B200AAFFE00874732 /* ListInteractor.swift */ = {isa = PBXFileReference; lastKnownFileType = sourcecode.swift; path = ListInteractor.swift; sourceTree = "<group>"; };
		28B77F3D200AB70500874732 /* CardTVDataSource.swift */ = {isa = PBXFileReference; lastKnownFileType = sourcecode.swift; path = CardTVDataSource.swift; sourceTree = "<group>"; };
		28DC6DE91EB5E09500F00EC6 /* _Idioms 1.txt */ = {isa = PBXFileReference; fileEncoding = 4; lastKnownFileType = text; path = "_Idioms 1.txt"; sourceTree = "<group>"; };
		28DC6DEA1EB5E09500F00EC6 /* _Idioms 2.txt */ = {isa = PBXFileReference; fileEncoding = 4; lastKnownFileType = text; path = "_Idioms 2.txt"; sourceTree = "<group>"; };
		28DC6DEB1EB5E09500F00EC6 /* _Idioms 3.txt */ = {isa = PBXFileReference; fileEncoding = 4; lastKnownFileType = text; path = "_Idioms 3.txt"; sourceTree = "<group>"; };
		C42E6EF11C53D7CE00FEC598 /* FlashCards.app */ = {isa = PBXFileReference; explicitFileType = wrapper.application; includeInIndex = 0; path = FlashCards.app; sourceTree = BUILT_PRODUCTS_DIR; };
		C42E6EF41C53D7CE00FEC598 /* AppDelegate.swift */ = {isa = PBXFileReference; lastKnownFileType = sourcecode.swift; path = AppDelegate.swift; sourceTree = "<group>"; };
		C42E6EF91C53D7CE00FEC598 /* Base */ = {isa = PBXFileReference; lastKnownFileType = file.storyboard; name = Base; path = Base.lproj/Main.storyboard; sourceTree = "<group>"; };
		C42E6EFB1C53D7CE00FEC598 /* Assets.xcassets */ = {isa = PBXFileReference; lastKnownFileType = folder.assetcatalog; path = Assets.xcassets; sourceTree = "<group>"; };
		C42E6EFE1C53D7CE00FEC598 /* Base */ = {isa = PBXFileReference; lastKnownFileType = file.storyboard; name = Base; path = Base.lproj/LaunchScreen.storyboard; sourceTree = "<group>"; };
		C42E6F001C53D7CE00FEC598 /* Info.plist */ = {isa = PBXFileReference; lastKnownFileType = text.plist.xml; path = Info.plist; sourceTree = "<group>"; };
		C4DB8C5F1C55546700EA14B6 /* bg-light.jpg */ = {isa = PBXFileReference; lastKnownFileType = image.jpeg; path = "bg-light.jpg"; sourceTree = "<group>"; };
/* End PBXFileReference section */

/* Begin PBXFrameworksBuildPhase section */
		C42E6EEE1C53D7CE00FEC598 /* Frameworks */ = {
			isa = PBXFrameworksBuildPhase;
			buildActionMask = 2147483647;
			files = (
			);
			runOnlyForDeploymentPostprocessing = 0;
		};
/* End PBXFrameworksBuildPhase section */

/* Begin PBXGroup section */
		283598241EA36D6000D87160 /* Episodes */ = {
			isa = PBXGroup;
			children = (
				283598251EA36D6000D87160 /* EC 30-39.txt */,
				283598261EA36D6000D87160 /* EC 40-49.txt */,
				283598271EA36D6000D87160 /* EC 50-59.txt */,
				283598281EA36D6000D87160 /* EC 60-69.txt */,
				283598291EA36D6000D87160 /* ESL POD 160-179.txt */,
				2835982A1EA36D6000D87160 /* Friends.txt */,
				2835982B1EA36D6000D87160 /* Games of thrones.txt */,
				2835989E1EA51F8D00D87160 /* Harry Potter 1.txt */,
				288374E31EACE4F9002BC25E /* Harry Potter 2.txt */,
				288374E41EACE4F9002BC25E /* Harry Potter 3.txt */,
				284CA21B1EE8974200B6D551 /* Scrubs s02e07.txt */,
				2835982D1EA36D6000D87160 /* Scurbs s02e21.txt */,
			);
			path = Episodes;
			sourceTree = "<group>";
		};
		2835982E1EA36D6000D87160 /* Grammar */ = {
			isa = PBXGroup;
			children = (
				288374E71EAD351F002BC25E /* Gerund and Infinitive.txt */,
				286B65211FE6FB9400D671B7 /* GET.txt */,
				2835982F1EA36D6000D87160 /* Grammar.txt */,
				283598301EA36D6000D87160 /* Phrasal Verbs.txt */,
				288374E81EAD351F002BC25E /* Prepositions 1.txt */,
				288374E91EAD351F002BC25E /* Prepositions 2.txt */,
				288374EA1EAD351F002BC25E /* Prepositions 3.txt */,
				288374EB1EAD351F002BC25E /* Prepositions 4.txt */,
				288374EC1EAD351F002BC25E /* Prepositions 5.txt */,
				288374ED1EAD351F002BC25E /* Prepositions 6.txt */,
				288374EE1EAD351F002BC25E /* Prepositions 7.txt */,
			);
			path = Grammar;
			sourceTree = "<group>";
		};
		283598321EA36D6000D87160 /* Misc */ = {
			isa = PBXGroup;
			children = (
				283598331EA36D6000D87160 /* Misc01.txt */,
				283598341EA36D6000D87160 /* Misc02.txt */,
				283598351EA36D6000D87160 /* Misc03.txt */,
				283598361EA36D6000D87160 /* Misc04.txt */,
				283598371EA36D6000D87160 /* Misc05.txt */,
				283598381EA36D6000D87160 /* Misc06.txt */,
				283598391EA36D6000D87160 /* Misc07.txt */,
				2835983A1EA36D6000D87160 /* Misc08.txt */,
				2835983B1EA36D6000D87160 /* Misc09.txt */,
				2835983C1EA36D6000D87160 /* Misc10.txt */,
				2835983D1EA36D6000D87160 /* Misc11.txt */,
				2835983E1EA36D6000D87160 /* Misc12.txt */,
				2835983F1EA36D6000D87160 /* Misc13.txt */,
				283598401EA36D6000D87160 /* Misc14.txt */,
				283598411EA36D6000D87160 /* Misc15.txt */,
				283598421EA36D6000D87160 /* Misc16.txt */,
				283598431EA36D6000D87160 /* Misc17.txt */,
				283598441EA36D6000D87160 /* Misc18.txt */,
				283598451EA36D6000D87160 /* Misc19.txt */,
				283598461EA36D6000D87160 /* Misc20.txt */,
				286236E21EB0754C00386FE8 /* Misc21.txt */,
				284CA2191EE8969800B6D551 /* Misc22.txt */,
				284CA2211EE926EF00B6D551 /* Misc23.txt */,
				287354A31FC9911000AB8B28 /* Misc24.txt */,
				287354A41FC9911000AB8B28 /* Misc25.txt */,
			);
			path = Misc;
			sourceTree = "<group>";
		};
		283598471EA36D6000D87160 /* Rec */ = {
			isa = PBXGroup;
			children = (
				283598481EA36D6000D87160 /* REC01. Blaze at charity bonfire.txt */,
				283598491EA36D6000D87160 /* REC02. Linguistic gaps.txt */,
				2835984A1EA36D6000D87160 /* REC03. News bulletin.txt */,
			);
			path = Rec;
			sourceTree = "<group>";
		};
		2835984B1EA36D6000D87160 /* Topics */ = {
			isa = PBXGroup;
			children = (
				2875586F1F31A78A004DA4D6 /* Work 1.txt */,
				287558701F31A78A004DA4D6 /* Work 2.txt */,
				284CA21D1EE923DC00B6D551 /* Politics 1.txt */,
				284CA21E1EE923DC00B6D551 /* Politics 2.txt */,
				28DC6DE91EB5E09500F00EC6 /* _Idioms 1.txt */,
				28DC6DEA1EB5E09500F00EC6 /* _Idioms 2.txt */,
				28DC6DEB1EB5E09500F00EC6 /* _Idioms 3.txt */,
				2835984C1EA36D6000D87160 /* _AdjAntonyms.txt */,
				2835984F1EA36D6000D87160 /* _Coloquial phrases.txt */,
				2835984D1EA36D6000D87160 /* Animals.txt */,
				2835984E1EA36D6000D87160 /* Climate.txt */,
				283598501EA36D6000D87160 /* Crime.txt */,
				283598511EA36D6000D87160 /* Flights.txt */,
				283598521EA36D6000D87160 /* Food.txt */,
				283598531EA36D6000D87160 /* House.txt */,
				283598561EA36D6000D87160 /* Medicine.txt */,
				283598571EA36D6000D87160 /* Money.txt */,
				283598581EA36D6000D87160 /* Person.txt */,
			);
			path = Topics;
			sourceTree = "<group>";
		};
		2835988B1EA4E48800D87160 /* CardsUI */ = {
			isa = PBXGroup;
			children = (
				2835988C1EA4E48800D87160 /* CardCell.swift */,
				2835988D1EA4E48800D87160 /* CardsTV.swift */,
				28B77F3D200AB70500874732 /* CardTVDataSource.swift */,
			);
			path = CardsUI;
			sourceTree = "<group>";
		};
		2835988E1EA4E48800D87160 /* ListUI */ = {
			isa = PBXGroup;
			children = (
				28B77F3B200AAFFE00874732 /* ListInteractor.swift */,
				2835988F1EA4E48800D87160 /* ListTV.swift */,
				283598901EA4E48800D87160 /* ListTVDataSources.swift */,
			);
			path = ListUI;
			sourceTree = "<group>";
		};
		283598911EA4E48800D87160 /* Models */ = {
			isa = PBXGroup;
			children = (
				283598921EA4E48800D87160 /* Card.swift */,
				283598931EA4E48800D87160 /* CardFileParser.swift */,
				283598941EA4E48800D87160 /* Deck.swift */,
				283598951EA4E48800D87160 /* GroupsStorage.swift */,
			);
			path = Models;
			sourceTree = "<group>";
		};
		28415D911D342F6C0043A93B /* CardsFiles */ = {
			isa = PBXGroup;
			children = (
				283598241EA36D6000D87160 /* Episodes */,
				2835982E1EA36D6000D87160 /* Grammar */,
				283598321EA36D6000D87160 /* Misc */,
				283598471EA36D6000D87160 /* Rec */,
				2835984B1EA36D6000D87160 /* Topics */,
			);
			path = CardsFiles;
			sourceTree = "<group>";
		};
		C42E6EE81C53D7CE00FEC598 = {
			isa = PBXGroup;
			children = (
				C42E6EF31C53D7CE00FEC598 /* FlashCards */,
				C42E6EF21C53D7CE00FEC598 /* Products */,
			);
			sourceTree = "<group>";
		};
		C42E6EF21C53D7CE00FEC598 /* Products */ = {
			isa = PBXGroup;
			children = (
				C42E6EF11C53D7CE00FEC598 /* FlashCards.app */,
			);
			name = Products;
			sourceTree = "<group>";
		};
		C42E6EF31C53D7CE00FEC598 /* FlashCards */ = {
			isa = PBXGroup;
			children = (
				C42E6EF41C53D7CE00FEC598 /* AppDelegate.swift */,
				28B77F37200A8B7700874732 /* AppInteractor.swift */,
				28B77F39200AA95A00874732 /* AppScreenFactory.swift */,
				C42E6EFB1C53D7CE00FEC598 /* Assets.xcassets */,
				28415D911D342F6C0043A93B /* CardsFiles */,
				C4DB8C491C55153500EA14B6 /* Classes */,
				C42E6F001C53D7CE00FEC598 /* Info.plist */,
				C42E6EFD1C53D7CE00FEC598 /* LaunchScreen.storyboard */,
				C42E6EF81C53D7CE00FEC598 /* Main.storyboard */,
				C4DB8C5E1C55546700EA14B6 /* Resources */,
			);
			path = FlashCards;
			sourceTree = "<group>";
		};
		C4DB8C491C55153500EA14B6 /* Classes */ = {
			isa = PBXGroup;
			children = (
				283598911EA4E48800D87160 /* Models */,
				2835988B1EA4E48800D87160 /* CardsUI */,
				2835988E1EA4E48800D87160 /* ListUI */,
			);
			path = Classes;
			sourceTree = "<group>";
		};
		C4DB8C5E1C55546700EA14B6 /* Resources */ = {
			isa = PBXGroup;
			children = (
				C4DB8C5F1C55546700EA14B6 /* bg-light.jpg */,
			);
			path = Resources;
			sourceTree = "<group>";
		};
/* End PBXGroup section */

/* Begin PBXNativeTarget section */
		C42E6EF01C53D7CE00FEC598 /* FlashCards */ = {
			isa = PBXNativeTarget;
			buildConfigurationList = C42E6F031C53D7CE00FEC598 /* Build configuration list for PBXNativeTarget "FlashCards" */;
			buildPhases = (
				C42E6EED1C53D7CE00FEC598 /* Sources */,
				C42E6EEE1C53D7CE00FEC598 /* Frameworks */,
				C42E6EEF1C53D7CE00FEC598 /* Resources */,
			);
			buildRules = (
			);
			dependencies = (
			);
			name = FlashCards;
			productName = FlashCards;
			productReference = C42E6EF11C53D7CE00FEC598 /* FlashCards.app */;
			productType = "com.apple.product-type.application";
		};
/* End PBXNativeTarget section */

/* Begin PBXProject section */
		C42E6EE91C53D7CE00FEC598 /* Project object */ = {
			isa = PBXProject;
			attributes = {
				LastSwiftUpdateCheck = 0720;
				LastUpgradeCheck = 0920;
				TargetAttributes = {
					C42E6EF01C53D7CE00FEC598 = {
						CreatedOnToolsVersion = 7.2;
						DevelopmentTeam = N44P5HH666;
						LastSwiftMigration = 0920;
					};
				};
			};
			buildConfigurationList = C42E6EEC1C53D7CE00FEC598 /* Build configuration list for PBXProject "FlashCards" */;
			compatibilityVersion = "Xcode 3.2";
			developmentRegion = English;
			hasScannedForEncodings = 0;
			knownRegions = (
				en,
				Base,
			);
			mainGroup = C42E6EE81C53D7CE00FEC598;
			productRefGroup = C42E6EF21C53D7CE00FEC598 /* Products */;
			projectDirPath = "";
			projectRoot = "";
			targets = (
				C42E6EF01C53D7CE00FEC598 /* FlashCards */,
			);
		};
/* End PBXProject section */

/* Begin PBXResourcesBuildPhase section */
		C42E6EEF1C53D7CE00FEC598 /* Resources */ = {
			isa = PBXResourcesBuildPhase;
			buildActionMask = 2147483647;
			files = (
				2835985A1EA36D6000D87160 /* EC 40-49.txt in Resources */,
				283598651EA36D6000D87160 /* Misc01.txt in Resources */,
				2835986A1EA36D6000D87160 /* Misc06.txt in Resources */,
				287354A61FC9911000AB8B28 /* Misc25.txt in Resources */,
				283598881EA36D6000D87160 /* Person.txt in Resources */,
				283598771EA36D6000D87160 /* Misc19.txt in Resources */,
				288374F11EAD351F002BC25E /* Prepositions 2.txt in Resources */,
				2835987E1EA36D6000D87160 /* Climate.txt in Resources */,
				286236E31EB0754C00386FE8 /* Misc21.txt in Resources */,
				283598721EA36D6000D87160 /* Misc14.txt in Resources */,
				283598701EA36D6000D87160 /* Misc12.txt in Resources */,
				2835985F1EA36D6000D87160 /* Games of thrones.txt in Resources */,
				284CA21F1EE923DC00B6D551 /* Politics 1.txt in Resources */,
				2835986C1EA36D6000D87160 /* Misc08.txt in Resources */,
				286B65221FE6FB9400D671B7 /* GET.txt in Resources */,
				288374F01EAD351F002BC25E /* Prepositions 1.txt in Resources */,
				283598761EA36D6000D87160 /* Misc18.txt in Resources */,
				284CA21C1EE8974200B6D551 /* Scrubs s02e07.txt in Resources */,
				283598671EA36D6000D87160 /* Misc03.txt in Resources */,
				283598621EA36D6000D87160 /* Grammar.txt in Resources */,
				C4DB8C601C55546700EA14B6 /* bg-light.jpg in Resources */,
				2835986D1EA36D6000D87160 /* Misc09.txt in Resources */,
				283598741EA36D6000D87160 /* Misc16.txt in Resources */,
				288374E51EACE4F9002BC25E /* Harry Potter 2.txt in Resources */,
				283598781EA36D6000D87160 /* Misc20.txt in Resources */,
				C42E6EFF1C53D7CE00FEC598 /* LaunchScreen.storyboard in Resources */,
				288374F21EAD351F002BC25E /* Prepositions 3.txt in Resources */,
				287354A51FC9911000AB8B28 /* Misc24.txt in Resources */,
				283598611EA36D6000D87160 /* Scurbs s02e21.txt in Resources */,
				283598731EA36D6000D87160 /* Misc15.txt in Resources */,
				2835987F1EA36D6000D87160 /* _Coloquial phrases.txt in Resources */,
				28DC6DEE1EB5E09500F00EC6 /* _Idioms 3.txt in Resources */,
				283598681EA36D6000D87160 /* Misc04.txt in Resources */,
				2835986F1EA36D6000D87160 /* Misc11.txt in Resources */,
				288374F41EAD351F002BC25E /* Prepositions 5.txt in Resources */,
				2835985D1EA36D6000D87160 /* ESL POD 160-179.txt in Resources */,
				28DC6DED1EB5E09500F00EC6 /* _Idioms 2.txt in Resources */,
				283598801EA36D6000D87160 /* Crime.txt in Resources */,
				283598811EA36D6000D87160 /* Flights.txt in Resources */,
				283598711EA36D6000D87160 /* Misc13.txt in Resources */,
				283598861EA36D6000D87160 /* Medicine.txt in Resources */,
				284CA2221EE926EF00B6D551 /* Misc23.txt in Resources */,
				287558711F31A78A004DA4D6 /* Work 1.txt in Resources */,
				2835985B1EA36D6000D87160 /* EC 50-59.txt in Resources */,
				2835985C1EA36D6000D87160 /* EC 60-69.txt in Resources */,
				288374E61EACE4F9002BC25E /* Harry Potter 3.txt in Resources */,
				283598791EA36D6000D87160 /* REC01. Blaze at charity bonfire.txt in Resources */,
				288374F51EAD351F002BC25E /* Prepositions 6.txt in Resources */,
				283598751EA36D6000D87160 /* Misc17.txt in Resources */,
				2835987D1EA36D6000D87160 /* Animals.txt in Resources */,
				283598661EA36D6000D87160 /* Misc02.txt in Resources */,
				283598821EA36D6000D87160 /* Food.txt in Resources */,
				288374F31EAD351F002BC25E /* Prepositions 4.txt in Resources */,
				C42E6EFC1C53D7CE00FEC598 /* Assets.xcassets in Resources */,
				2835987A1EA36D6000D87160 /* REC02. Linguistic gaps.txt in Resources */,
				28DC6DEC1EB5E09500F00EC6 /* _Idioms 1.txt in Resources */,
				2835987C1EA36D6000D87160 /* _AdjAntonyms.txt in Resources */,
				2835986E1EA36D6000D87160 /* Misc10.txt in Resources */,
				288374EF1EAD351F002BC25E /* Gerund and Infinitive.txt in Resources */,
				C42E6EFA1C53D7CE00FEC598 /* Main.storyboard in Resources */,
				287558721F31A78A004DA4D6 /* Work 2.txt in Resources */,
				2835985E1EA36D6000D87160 /* Friends.txt in Resources */,
				284CA21A1EE8969800B6D551 /* Misc22.txt in Resources */,
				283598631EA36D6000D87160 /* Phrasal Verbs.txt in Resources */,
				283598831EA36D6000D87160 /* House.txt in Resources */,
				288374F61EAD351F002BC25E /* Prepositions 7.txt in Resources */,
				284CA2201EE923DC00B6D551 /* Politics 2.txt in Resources */,
				283598871EA36D6000D87160 /* Money.txt in Resources */,
				2835989F1EA51F8D00D87160 /* Harry Potter 1.txt in Resources */,
				2835986B1EA36D6000D87160 /* Misc07.txt in Resources */,
				283598691EA36D6000D87160 /* Misc05.txt in Resources */,
				2835987B1EA36D6000D87160 /* REC03. News bulletin.txt in Resources */,
				283598591EA36D6000D87160 /* EC 30-39.txt in Resources */,
			);
			runOnlyForDeploymentPostprocessing = 0;
		};
/* End PBXResourcesBuildPhase section */

/* Begin PBXSourcesBuildPhase section */
		C42E6EED1C53D7CE00FEC598 /* Sources */ = {
			isa = PBXSourcesBuildPhase;
			buildActionMask = 2147483647;
			files = (
				C42E6EF51C53D7CE00FEC598 /* AppDelegate.swift in Sources */,
				2835989A1EA4E48800D87160 /* Card.swift in Sources */,
				28B77F3A200AA95A00874732 /* AppScreenFactory.swift in Sources */,
				28B77F3E200AB70500874732 /* CardTVDataSource.swift in Sources */,
				283598991EA4E48800D87160 /* ListTVDataSources.swift in Sources */,
				2835989B1EA4E48800D87160 /* CardFileParser.swift in Sources */,
				2835989C1EA4E48800D87160 /* Deck.swift in Sources */,
				28B77F3C200AAFFE00874732 /* ListInteractor.swift in Sources */,
				283598981EA4E48800D87160 /* ListTV.swift in Sources */,
				28B77F38200A8B7700874732 /* AppInteractor.swift in Sources */,
				283598971EA4E48800D87160 /* CardsTV.swift in Sources */,
				283598961EA4E48800D87160 /* CardCell.swift in Sources */,
				2835989D1EA4E48800D87160 /* GroupsStorage.swift in Sources */,
			);
			runOnlyForDeploymentPostprocessing = 0;
		};
/* End PBXSourcesBuildPhase section */

/* Begin PBXVariantGroup section */
		C42E6EF81C53D7CE00FEC598 /* Main.storyboard */ = {
			isa = PBXVariantGroup;
			children = (
				C42E6EF91C53D7CE00FEC598 /* Base */,
			);
			name = Main.storyboard;
			sourceTree = "<group>";
		};
		C42E6EFD1C53D7CE00FEC598 /* LaunchScreen.storyboard */ = {
			isa = PBXVariantGroup;
			children = (
				C42E6EFE1C53D7CE00FEC598 /* Base */,
			);
			name = LaunchScreen.storyboard;
			sourceTree = "<group>";
		};
/* End PBXVariantGroup section */

/* Begin XCBuildConfiguration section */
		C42E6F011C53D7CE00FEC598 /* Debug */ = {
			isa = XCBuildConfiguration;
			buildSettings = {
				ALWAYS_SEARCH_USER_PATHS = NO;
				CLANG_CXX_LANGUAGE_STANDARD = "gnu++0x";
				CLANG_CXX_LIBRARY = "libc++";
				CLANG_ENABLE_MODULES = YES;
				CLANG_ENABLE_OBJC_ARC = YES;
				CLANG_WARN_BLOCK_CAPTURE_AUTORELEASING = YES;
				CLANG_WARN_BOOL_CONVERSION = YES;
				CLANG_WARN_COMMA = YES;
				CLANG_WARN_CONSTANT_CONVERSION = YES;
				CLANG_WARN_DIRECT_OBJC_ISA_USAGE = YES_ERROR;
				CLANG_WARN_EMPTY_BODY = YES;
				CLANG_WARN_ENUM_CONVERSION = YES;
				CLANG_WARN_INFINITE_RECURSION = YES;
				CLANG_WARN_INT_CONVERSION = YES;
				CLANG_WARN_NON_LITERAL_NULL_CONVERSION = YES;
				CLANG_WARN_OBJC_LITERAL_CONVERSION = YES;
				CLANG_WARN_OBJC_ROOT_CLASS = YES_ERROR;
				CLANG_WARN_RANGE_LOOP_ANALYSIS = YES;
				CLANG_WARN_STRICT_PROTOTYPES = YES;
				CLANG_WARN_SUSPICIOUS_MOVE = YES;
				CLANG_WARN_UNREACHABLE_CODE = YES;
				CLANG_WARN__DUPLICATE_METHOD_MATCH = YES;
				"CODE_SIGN_IDENTITY[sdk=iphoneos*]" = "iPhone Developer";
				COPY_PHASE_STRIP = NO;
				DEBUG_INFORMATION_FORMAT = dwarf;
				ENABLE_STRICT_OBJC_MSGSEND = YES;
				ENABLE_TESTABILITY = YES;
				GCC_C_LANGUAGE_STANDARD = gnu99;
				GCC_DYNAMIC_NO_PIC = NO;
				GCC_NO_COMMON_BLOCKS = YES;
				GCC_OPTIMIZATION_LEVEL = 0;
				GCC_PREPROCESSOR_DEFINITIONS = (
					"DEBUG=1",
					"$(inherited)",
				);
				GCC_WARN_64_TO_32_BIT_CONVERSION = YES;
				GCC_WARN_ABOUT_RETURN_TYPE = YES_ERROR;
				GCC_WARN_UNDECLARED_SELECTOR = YES;
				GCC_WARN_UNINITIALIZED_AUTOS = YES_AGGRESSIVE;
				GCC_WARN_UNUSED_FUNCTION = YES;
				GCC_WARN_UNUSED_VARIABLE = YES;
				IPHONEOS_DEPLOYMENT_TARGET = 9.2;
				MTL_ENABLE_DEBUG_INFO = YES;
				ONLY_ACTIVE_ARCH = YES;
				SDKROOT = iphoneos;
				SWIFT_OPTIMIZATION_LEVEL = "-Onone";
				TARGETED_DEVICE_FAMILY = "1,2";
			};
			name = Debug;
		};
		C42E6F021C53D7CE00FEC598 /* Release */ = {
			isa = XCBuildConfiguration;
			buildSettings = {
				ALWAYS_SEARCH_USER_PATHS = NO;
				CLANG_CXX_LANGUAGE_STANDARD = "gnu++0x";
				CLANG_CXX_LIBRARY = "libc++";
				CLANG_ENABLE_MODULES = YES;
				CLANG_ENABLE_OBJC_ARC = YES;
				CLANG_WARN_BLOCK_CAPTURE_AUTORELEASING = YES;
				CLANG_WARN_BOOL_CONVERSION = YES;
				CLANG_WARN_COMMA = YES;
				CLANG_WARN_CONSTANT_CONVERSION = YES;
				CLANG_WARN_DIRECT_OBJC_ISA_USAGE = YES_ERROR;
				CLANG_WARN_EMPTY_BODY = YES;
				CLANG_WARN_ENUM_CONVERSION = YES;
				CLANG_WARN_INFINITE_RECURSION = YES;
				CLANG_WARN_INT_CONVERSION = YES;
				CLANG_WARN_NON_LITERAL_NULL_CONVERSION = YES;
				CLANG_WARN_OBJC_LITERAL_CONVERSION = YES;
				CLANG_WARN_OBJC_ROOT_CLASS = YES_ERROR;
				CLANG_WARN_RANGE_LOOP_ANALYSIS = YES;
				CLANG_WARN_STRICT_PROTOTYPES = YES;
				CLANG_WARN_SUSPICIOUS_MOVE = YES;
				CLANG_WARN_UNREACHABLE_CODE = YES;
				CLANG_WARN__DUPLICATE_METHOD_MATCH = YES;
				"CODE_SIGN_IDENTITY[sdk=iphoneos*]" = "iPhone Developer";
				COPY_PHASE_STRIP = NO;
				DEBUG_INFORMATION_FORMAT = "dwarf-with-dsym";
				ENABLE_NS_ASSERTIONS = NO;
				ENABLE_STRICT_OBJC_MSGSEND = YES;
				GCC_C_LANGUAGE_STANDARD = gnu99;
				GCC_NO_COMMON_BLOCKS = YES;
				GCC_WARN_64_TO_32_BIT_CONVERSION = YES;
				GCC_WARN_ABOUT_RETURN_TYPE = YES_ERROR;
				GCC_WARN_UNDECLARED_SELECTOR = YES;
				GCC_WARN_UNINITIALIZED_AUTOS = YES_AGGRESSIVE;
				GCC_WARN_UNUSED_FUNCTION = YES;
				GCC_WARN_UNUSED_VARIABLE = YES;
				IPHONEOS_DEPLOYMENT_TARGET = 9.2;
				MTL_ENABLE_DEBUG_INFO = NO;
				SDKROOT = iphoneos;
				SWIFT_OPTIMIZATION_LEVEL = "-Owholemodule";
				TARGETED_DEVICE_FAMILY = "1,2";
				VALIDATE_PRODUCT = YES;
			};
			name = Release;
		};
		C42E6F041C53D7CE00FEC598 /* Debug */ = {
			isa = XCBuildConfiguration;
			buildSettings = {
				ASSETCATALOG_COMPILER_APPICON_NAME = AppIcon;
				CODE_SIGN_IDENTITY = "iPhone Developer";
				"CODE_SIGN_IDENTITY[sdk=iphoneos*]" = "iPhone Developer";
				DEVELOPMENT_TEAM = N44P5HH666;
				INFOPLIST_FILE = FlashCards/Info.plist;
				IPHONEOS_DEPLOYMENT_TARGET = 8.0;
				LD_RUNPATH_SEARCH_PATHS = "$(inherited) @executable_path/Frameworks";
				PRODUCT_BUNDLE_IDENTIFIER = DI.FlashCards;
				PRODUCT_NAME = "$(TARGET_NAME)";
				PROVISIONING_PROFILE = "";
				SWIFT_SWIFT3_OBJC_INFERENCE = Default;
				SWIFT_VERSION = 4.0;
			};
			name = Debug;
		};
		C42E6F051C53D7CE00FEC598 /* Release */ = {
			isa = XCBuildConfiguration;
			buildSettings = {
				ASSETCATALOG_COMPILER_APPICON_NAME = AppIcon;
				CODE_SIGN_IDENTITY = "iPhone Developer";
				"CODE_SIGN_IDENTITY[sdk=iphoneos*]" = "iPhone Developer";
				DEVELOPMENT_TEAM = N44P5HH666;
				INFOPLIST_FILE = FlashCards/Info.plist;
				IPHONEOS_DEPLOYMENT_TARGET = 8.0;
				LD_RUNPATH_SEARCH_PATHS = "$(inherited) @executable_path/Frameworks";
				PRODUCT_BUNDLE_IDENTIFIER = DI.FlashCards;
				PRODUCT_NAME = "$(TARGET_NAME)";
				PROVISIONING_PROFILE = "";
				SWIFT_SWIFT3_OBJC_INFERENCE = Default;
				SWIFT_VERSION = 4.0;
			};
			name = Release;
		};
/* End XCBuildConfiguration section */

/* Begin XCConfigurationList section */
		C42E6EEC1C53D7CE00FEC598 /* Build configuration list for PBXProject "FlashCards" */ = {
			isa = XCConfigurationList;
			buildConfigurations = (
				C42E6F011C53D7CE00FEC598 /* Debug */,
				C42E6F021C53D7CE00FEC598 /* Release */,
			);
			defaultConfigurationIsVisible = 0;
			defaultConfigurationName = Release;
		};
		C42E6F031C53D7CE00FEC598 /* Build configuration list for PBXNativeTarget "FlashCards" */ = {
			isa = XCConfigurationList;
			buildConfigurations = (
				C42E6F041C53D7CE00FEC598 /* Debug */,
				C42E6F051C53D7CE00FEC598 /* Release */,
			);
			defaultConfigurationIsVisible = 0;
			defaultConfigurationName = Release;
		};
/* End XCConfigurationList section */
	};
	rootObject = C42E6EE91C53D7CE00FEC598 /* Project object */;
}
